
Microsoft Visual Studio Solution File, Format Version 12.00
# Visual Studio Version 16
VisualStudioVersion = 16.0.30128.74
MinimumVisualStudioVersion = 10.0.40219.1
Project("{9A19103F-16F7-4668-BE54-9A1E7A4F7556}") = "StoneAssemblies.MassAuth.Messages", "StoneAssemblies.MassAuth.Messages\StoneAssemblies.MassAuth.Messages.csproj", "{4B09B655-C1D4-4FDF-BB3C-02A4EDE001A9}"
EndProject
Project("{9A19103F-16F7-4668-BE54-9A1E7A4F7556}") = "StoneAssemblies.MassAuth.Hosting", "StoneAssemblies.MassAuth.Hosting\StoneAssemblies.MassAuth.Hosting.csproj", "{0E2BA207-A402-4E81-BBEF-5C43CD13CDDA}"
EndProject
Project("{9A19103F-16F7-4668-BE54-9A1E7A4F7556}") = "StoneAssemblies.MassAuth.Rules", "StoneAssemblies.MassAuth.Rules\StoneAssemblies.MassAuth.Rules.csproj", "{FB227E39-06FB-4377-9828-6ABF533A99F6}"
EndProject
Project("{9A19103F-16F7-4668-BE54-9A1E7A4F7556}") = "StoneAssemblies.MassAuth", "StoneAssemblies.MassAuth\StoneAssemblies.MassAuth.csproj", "{0731B10B-8F58-4144-A778-BBE0C7D93AD8}"
EndProject
Project("{9A19103F-16F7-4668-BE54-9A1E7A4F7556}") = "StoneAssemblies.MassAuth.Server", "StoneAssemblies.MassAuth.Server\StoneAssemblies.MassAuth.Server.csproj", "{10489D57-543E-4973-8EC0-0C4CDE1F8E29}"
EndProject
Global
	GlobalSection(SolutionConfigurationPlatforms) = preSolution
		Debug|Any CPU = Debug|Any CPU
		Release|Any CPU = Release|Any CPU
	EndGlobalSection
	GlobalSection(ProjectConfigurationPlatforms) = postSolution
		{4B09B655-C1D4-4FDF-BB3C-02A4EDE001A9}.Debug|Any CPU.ActiveCfg = Debug|Any CPU
		{4B09B655-C1D4-4FDF-BB3C-02A4EDE001A9}.Debug|Any CPU.Build.0 = Debug|Any CPU
		{4B09B655-C1D4-4FDF-BB3C-02A4EDE001A9}.Release|Any CPU.ActiveCfg = Release|Any CPU
		{4B09B655-C1D4-4FDF-BB3C-02A4EDE001A9}.Release|Any CPU.Build.0 = Release|Any CPU
		{0E2BA207-A402-4E81-BBEF-5C43CD13CDDA}.Debug|Any CPU.ActiveCfg = Debug|Any CPU
		{0E2BA207-A402-4E81-BBEF-5C43CD13CDDA}.Debug|Any CPU.Build.0 = Debug|Any CPU
		{0E2BA207-A402-4E81-BBEF-5C43CD13CDDA}.Release|Any CPU.ActiveCfg = Release|Any CPU
		{0E2BA207-A402-4E81-BBEF-5C43CD13CDDA}.Release|Any CPU.Build.0 = Release|Any CPU
		{FB227E39-06FB-4377-9828-6ABF533A99F6}.Debug|Any CPU.ActiveCfg = Debug|Any CPU
		{FB227E39-06FB-4377-9828-6ABF533A99F6}.Debug|Any CPU.Build.0 = Debug|Any CPU
		{FB227E39-06FB-4377-9828-6ABF533A99F6}.Release|Any CPU.ActiveCfg = Release|Any CPU
		{FB227E39-06FB-4377-9828-6ABF533A99F6}.Release|Any CPU.Build.0 = Release|Any CPU
		{0731B10B-8F58-4144-A778-BBE0C7D93AD8}.Debug|Any CPU.ActiveCfg = Debug|Any CPU
		{0731B10B-8F58-4144-A778-BBE0C7D93AD8}.Debug|Any CPU.Build.0 = Debug|Any CPU
		{0731B10B-8F58-4144-A778-BBE0C7D93AD8}.Release|Any CPU.ActiveCfg = Release|Any CPU
		{0731B10B-8F58-4144-A778-BBE0C7D93AD8}.Release|Any CPU.Build.0 = Release|Any CPU
		{10489D57-543E-4973-8EC0-0C4CDE1F8E29}.Debug|Any CPU.ActiveCfg = Debug|Any CPU
		{10489D57-543E-4973-8EC0-0C4CDE1F8E29}.Debug|Any CPU.Build.0 = Debug|Any CPU
		{10489D57-543E-4973-8EC0-0C4CDE1F8E29}.Release|Any CPU.ActiveCfg = Release|Any CPU
		{10489D57-543E-4973-8EC0-0C4CDE1F8E29}.Release|Any CPU.Build.0 = Release|Any CPU
	EndGlobalSection
	GlobalSection(SolutionProperties) = preSolution
		HideSolutionNode = FALSE
	EndGlobalSection
	GlobalSection(ExtensibilityGlobals) = postSolution
		SolutionGuid = {DC4F2C75-83F6-47DF-96F8-B205162A1E70}
	EndGlobalSection
EndGlobal
